// !$*UTF8*$!
{
	archiveVersion = 1;
	classes = {
	};
	objectVersion = 50;
	objects = {

/* Begin PBXBuildFile section */
		4F35762722BA1285006A619A /* SetupViewController.swift in Sources */ = {isa = PBXBuildFile; fileRef = 4F35762622BA1285006A619A /* SetupViewController.swift */; };
		4F35762922BA194A006A619A /* PilotSetting.swift in Sources */ = {isa = PBXBuildFile; fileRef = 4F35762822BA194A006A619A /* PilotSetting.swift */; };
		4F8116CB22AAF0DF00E5F8CA /* AppDelegate.swift in Sources */ = {isa = PBXBuildFile; fileRef = 4F8116CA22AAF0DF00E5F8CA /* AppDelegate.swift */; };
		4F8116D222AAF0DF00E5F8CA /* Main.storyboard in Resources */ = {isa = PBXBuildFile; fileRef = 4F8116D022AAF0DF00E5F8CA /* Main.storyboard */; };
		4F8116D422AAF0E100E5F8CA /* Assets.xcassets in Resources */ = {isa = PBXBuildFile; fileRef = 4F8116D322AAF0E100E5F8CA /* Assets.xcassets */; };
		4F8116D722AAF0E100E5F8CA /* LaunchScreen.storyboard in Resources */ = {isa = PBXBuildFile; fileRef = 4F8116D522AAF0E100E5F8CA /* LaunchScreen.storyboard */; };
		4F8116E222AAF0E200E5F8CA /* SpecPilotTests.swift in Sources */ = {isa = PBXBuildFile; fileRef = 4F8116E122AAF0E200E5F8CA /* SpecPilotTests.swift */; };
		4F8116F922AB196200E5F8CA /* InfoViewController.swift in Sources */ = {isa = PBXBuildFile; fileRef = 4F8116F822AB196200E5F8CA /* InfoViewController.swift */; };
		4F8116FB22AB199700E5F8CA /* DesignViewController.swift in Sources */ = {isa = PBXBuildFile; fileRef = 4F8116FA22AB199700E5F8CA /* DesignViewController.swift */; };
		4F8116FD22AB19AF00E5F8CA /* PilotViewController.swift in Sources */ = {isa = PBXBuildFile; fileRef = 4F8116FC22AB19AF00E5F8CA /* PilotViewController.swift */; };
		4F8116FF22AD6A6900E5F8CA /* BLEService.swift in Sources */ = {isa = PBXBuildFile; fileRef = 4F8116FE22AD6A6900E5F8CA /* BLEService.swift */; };
		4F81170122AEE23300E5F8CA /* BLEDiscoveryService.swift in Sources */ = {isa = PBXBuildFile; fileRef = 4F81170022AEE23300E5F8CA /* BLEDiscoveryService.swift */; };
		4F81170422B0051E00E5F8CA /* DesignCalculation.swift in Sources */ = {isa = PBXBuildFile; fileRef = 4F81170322B0051E00E5F8CA /* DesignCalculation.swift */; };
/* End PBXBuildFile section */

/* Begin PBXContainerItemProxy section */
		4F8116DE22AAF0E200E5F8CA /* PBXContainerItemProxy */ = {
			isa = PBXContainerItemProxy;
			containerPortal = 4F8116BF22AAF0DF00E5F8CA /* Project object */;
			proxyType = 1;
			remoteGlobalIDString = 4F8116C622AAF0DF00E5F8CA;
			remoteInfo = SpecPilot;
		};
/* End PBXContainerItemProxy section */

/* Begin PBXFileReference section */
		4F35762622BA1285006A619A /* SetupViewController.swift */ = {isa = PBXFileReference; lastKnownFileType = sourcecode.swift; path = SetupViewController.swift; sourceTree = "<group>"; };
		4F35762822BA194A006A619A /* PilotSetting.swift */ = {isa = PBXFileReference; lastKnownFileType = sourcecode.swift; name = PilotSetting.swift; path = SpecPilot/Controller/PilotSetting.swift; sourceTree = SOURCE_ROOT; };
		4F8116C722AAF0DF00E5F8CA /* SpecPilot.app */ = {isa = PBXFileReference; explicitFileType = wrapper.application; includeInIndex = 0; path = SpecPilot.app; sourceTree = BUILT_PRODUCTS_DIR; };
		4F8116CA22AAF0DF00E5F8CA /* AppDelegate.swift */ = {isa = PBXFileReference; lastKnownFileType = sourcecode.swift; path = AppDelegate.swift; sourceTree = "<group>"; };
		4F8116D122AAF0DF00E5F8CA /* Base */ = {isa = PBXFileReference; lastKnownFileType = file.storyboard; name = Base; path = Base.lproj/Main.storyboard; sourceTree = "<group>"; };
		4F8116D322AAF0E100E5F8CA /* Assets.xcassets */ = {isa = PBXFileReference; lastKnownFileType = folder.assetcatalog; path = Assets.xcassets; sourceTree = "<group>"; };
		4F8116D622AAF0E100E5F8CA /* Base */ = {isa = PBXFileReference; lastKnownFileType = file.storyboard; name = Base; path = Base.lproj/LaunchScreen.storyboard; sourceTree = "<group>"; };
		4F8116D822AAF0E100E5F8CA /* Info.plist */ = {isa = PBXFileReference; lastKnownFileType = text.plist.xml; path = Info.plist; sourceTree = "<group>"; };
		4F8116DD22AAF0E200E5F8CA /* SpecPilotTests.xctest */ = {isa = PBXFileReference; explicitFileType = wrapper.cfbundle; includeInIndex = 0; path = SpecPilotTests.xctest; sourceTree = BUILT_PRODUCTS_DIR; };
		4F8116E122AAF0E200E5F8CA /* SpecPilotTests.swift */ = {isa = PBXFileReference; lastKnownFileType = sourcecode.swift; path = SpecPilotTests.swift; sourceTree = "<group>"; };
		4F8116E322AAF0E200E5F8CA /* Info.plist */ = {isa = PBXFileReference; lastKnownFileType = text.plist.xml; path = Info.plist; sourceTree = "<group>"; };
		4F8116F822AB196200E5F8CA /* InfoViewController.swift */ = {isa = PBXFileReference; lastKnownFileType = sourcecode.swift; path = InfoViewController.swift; sourceTree = "<group>"; };
		4F8116FA22AB199700E5F8CA /* DesignViewController.swift */ = {isa = PBXFileReference; lastKnownFileType = sourcecode.swift; path = DesignViewController.swift; sourceTree = "<group>"; };
		4F8116FC22AB19AF00E5F8CA /* PilotViewController.swift */ = {isa = PBXFileReference; lastKnownFileType = sourcecode.swift; path = PilotViewController.swift; sourceTree = "<group>"; };
		4F8116FE22AD6A6900E5F8CA /* BLEService.swift */ = {isa = PBXFileReference; lastKnownFileType = sourcecode.swift; name = BLEService.swift; path = SpecPilot/Controller/BLEService.swift; sourceTree = SOURCE_ROOT; };
		4F81170022AEE23300E5F8CA /* BLEDiscoveryService.swift */ = {isa = PBXFileReference; lastKnownFileType = sourcecode.swift; name = BLEDiscoveryService.swift; path = SpecPilot/Controller/BLEDiscoveryService.swift; sourceTree = SOURCE_ROOT; };
		4F81170322B0051E00E5F8CA /* DesignCalculation.swift */ = {isa = PBXFileReference; lastKnownFileType = sourcecode.swift; name = DesignCalculation.swift; path = SpecPilot/Controller/DesignCalculation.swift; sourceTree = SOURCE_ROOT; };
/* End PBXFileReference section */

/* Begin PBXFrameworksBuildPhase section */
		4F8116C422AAF0DF00E5F8CA /* Frameworks */ = {
			isa = PBXFrameworksBuildPhase;
			buildActionMask = 2147483647;
			files = (
			);
			runOnlyForDeploymentPostprocessing = 0;
		};
		4F8116DA22AAF0E200E5F8CA /* Frameworks */ = {
			isa = PBXFrameworksBuildPhase;
			buildActionMask = 2147483647;
			files = (
			);
			runOnlyForDeploymentPostprocessing = 0;
		};
/* End PBXFrameworksBuildPhase section */

/* Begin PBXGroup section */
		4F8116BE22AAF0DF00E5F8CA = {
			isa = PBXGroup;
			children = (
				4F8116C922AAF0DF00E5F8CA /* SpecPilot */,
				4F8116E022AAF0E200E5F8CA /* SpecPilotTests */,
				4F8116C822AAF0DF00E5F8CA /* Products */,
			);
			sourceTree = "<group>";
		};
		4F8116C822AAF0DF00E5F8CA /* Products */ = {
			isa = PBXGroup;
			children = (
				4F8116C722AAF0DF00E5F8CA /* SpecPilot.app */,
				4F8116DD22AAF0E200E5F8CA /* SpecPilotTests.xctest */,
			);
			name = Products;
			sourceTree = "<group>";
		};
		4F8116C922AAF0DF00E5F8CA /* SpecPilot */ = {
			isa = PBXGroup;
			children = (
				4F8116EC22AAF12200E5F8CA /* Model */,
				4F8116ED22AAF13A00E5F8CA /* View */,
				4F8116EE22AAF14200E5F8CA /* Controller */,
				4F8116EF22AAF15100E5F8CA /* SupportingFiles */,
			);
			path = SpecPilot;
			sourceTree = "<group>";
		};
		4F8116E022AAF0E200E5F8CA /* SpecPilotTests */ = {
			isa = PBXGroup;
			children = (
				4F8116E122AAF0E200E5F8CA /* SpecPilotTests.swift */,
				4F8116E322AAF0E200E5F8CA /* Info.plist */,
			);
			path = SpecPilotTests;
			sourceTree = "<group>";
		};
		4F8116EC22AAF12200E5F8CA /* Model */ = {
			isa = PBXGroup;
			children = (
				4F8116FE22AD6A6900E5F8CA /* BLEService.swift */,
				4F81170022AEE23300E5F8CA /* BLEDiscoveryService.swift */,
				4F81170322B0051E00E5F8CA /* DesignCalculation.swift */,
				4F35762822BA194A006A619A /* PilotSetting.swift */,
			);
			path = Model;
			sourceTree = "<group>";
		};
		4F8116ED22AAF13A00E5F8CA /* View */ = {
			isa = PBXGroup;
			children = (
				4F8116D022AAF0DF00E5F8CA /* Main.storyboard */,
				4F8116D522AAF0E100E5F8CA /* LaunchScreen.storyboard */,
			);
			path = View;
			sourceTree = "<group>";
		};
		4F8116EE22AAF14200E5F8CA /* Controller */ = {
			isa = PBXGroup;
			children = (
				4F8116F822AB196200E5F8CA /* InfoViewController.swift */,
				4F8116FC22AB19AF00E5F8CA /* PilotViewController.swift */,
				4F35762622BA1285006A619A /* SetupViewController.swift */,
				4F8116FA22AB199700E5F8CA /* DesignViewController.swift */,
			);
			path = Controller;
			sourceTree = "<group>";
		};
		4F8116EF22AAF15100E5F8CA /* SupportingFiles */ = {
			isa = PBXGroup;
			children = (
				4F8116CA22AAF0DF00E5F8CA /* AppDelegate.swift */,
				4F8116D322AAF0E100E5F8CA /* Assets.xcassets */,
				4F8116D822AAF0E100E5F8CA /* Info.plist */,
			);
			path = SupportingFiles;
			sourceTree = "<group>";
		};
/* End PBXGroup section */

/* Begin PBXNativeTarget section */
		4F8116C622AAF0DF00E5F8CA /* SpecPilot */ = {
			isa = PBXNativeTarget;
			buildConfigurationList = 4F8116E622AAF0E200E5F8CA /* Build configuration list for PBXNativeTarget "SpecPilot" */;
			buildPhases = (
				4F8116C322AAF0DF00E5F8CA /* Sources */,
				4F8116C422AAF0DF00E5F8CA /* Frameworks */,
				4F8116C522AAF0DF00E5F8CA /* Resources */,
				4F81170222AEE3AD00E5F8CA /* ShellScript */,
			);
			buildRules = (
			);
			dependencies = (
			);
			name = SpecPilot;
			productName = SpecPilot;
			productReference = 4F8116C722AAF0DF00E5F8CA /* SpecPilot.app */;
			productType = "com.apple.product-type.application";
		};
		4F8116DC22AAF0E200E5F8CA /* SpecPilotTests */ = {
			isa = PBXNativeTarget;
			buildConfigurationList = 4F8116E922AAF0E200E5F8CA /* Build configuration list for PBXNativeTarget "SpecPilotTests" */;
			buildPhases = (
				4F8116D922AAF0E200E5F8CA /* Sources */,
				4F8116DA22AAF0E200E5F8CA /* Frameworks */,
				4F8116DB22AAF0E200E5F8CA /* Resources */,
			);
			buildRules = (
			);
			dependencies = (
				4F8116DF22AAF0E200E5F8CA /* PBXTargetDependency */,
			);
			name = SpecPilotTests;
			productName = SpecPilotTests;
			productReference = 4F8116DD22AAF0E200E5F8CA /* SpecPilotTests.xctest */;
			productType = "com.apple.product-type.bundle.unit-test";
		};
/* End PBXNativeTarget section */

/* Begin PBXProject section */
		4F8116BF22AAF0DF00E5F8CA /* Project object */ = {
			isa = PBXProject;
			attributes = {
				LastSwiftUpdateCheck = 1020;
				LastUpgradeCheck = 1020;
				ORGANIZATIONNAME = "David Dubez";
				TargetAttributes = {
					4F8116C622AAF0DF00E5F8CA = {
						CreatedOnToolsVersion = 10.2.1;
					};
					4F8116DC22AAF0E200E5F8CA = {
						CreatedOnToolsVersion = 10.2.1;
						TestTargetID = 4F8116C622AAF0DF00E5F8CA;
					};
				};
			};
			buildConfigurationList = 4F8116C222AAF0DF00E5F8CA /* Build configuration list for PBXProject "SpecPilot" */;
			compatibilityVersion = "Xcode 9.3";
			developmentRegion = en;
			hasScannedForEncodings = 0;
			knownRegions = (
				en,
				Base,
			);
			mainGroup = 4F8116BE22AAF0DF00E5F8CA;
			productRefGroup = 4F8116C822AAF0DF00E5F8CA /* Products */;
			projectDirPath = "";
			projectRoot = "";
			targets = (
				4F8116C622AAF0DF00E5F8CA /* SpecPilot */,
				4F8116DC22AAF0E200E5F8CA /* SpecPilotTests */,
			);
		};
/* End PBXProject section */

/* Begin PBXResourcesBuildPhase section */
		4F8116C522AAF0DF00E5F8CA /* Resources */ = {
			isa = PBXResourcesBuildPhase;
			buildActionMask = 2147483647;
			files = (
				4F8116D722AAF0E100E5F8CA /* LaunchScreen.storyboard in Resources */,
				4F8116D422AAF0E100E5F8CA /* Assets.xcassets in Resources */,
				4F8116D222AAF0DF00E5F8CA /* Main.storyboard in Resources */,
			);
			runOnlyForDeploymentPostprocessing = 0;
		};
		4F8116DB22AAF0E200E5F8CA /* Resources */ = {
			isa = PBXResourcesBuildPhase;
			buildActionMask = 2147483647;
			files = (
			);
			runOnlyForDeploymentPostprocessing = 0;
		};
/* End PBXResourcesBuildPhase section */

/* Begin PBXShellScriptBuildPhase section */
		4F81170222AEE3AD00E5F8CA /* ShellScript */ = {
			isa = PBXShellScriptBuildPhase;
			buildActionMask = 2147483647;
			files = (
			);
			inputFileListPaths = (
			);
			inputPaths = (
			);
			outputFileListPaths = (
			);
			outputPaths = (
			);
			runOnlyForDeploymentPostprocessing = 0;
			shellPath = /bin/sh;
			shellScript = "if which swiftlint >/dev/null; then\nswiftlint\nelse\necho \"warning: SwiftLint not installed, download from https://github.com/realm/SwiftLint\"\nfi\n";
		};
/* End PBXShellScriptBuildPhase section */

/* Begin PBXSourcesBuildPhase section */
		4F8116C322AAF0DF00E5F8CA /* Sources */ = {
			isa = PBXSourcesBuildPhase;
			buildActionMask = 2147483647;
			files = (
				4F8116FB22AB199700E5F8CA /* DesignViewController.swift in Sources */,
				4F81170422B0051E00E5F8CA /* DesignCalculation.swift in Sources */,
				4F8116FF22AD6A6900E5F8CA /* BLEService.swift in Sources */,
				4F81170122AEE23300E5F8CA /* BLEDiscoveryService.swift in Sources */,
				4F35762722BA1285006A619A /* SetupViewController.swift in Sources */,
				4F8116CB22AAF0DF00E5F8CA /* AppDelegate.swift in Sources */,
				4F35762922BA194A006A619A /* PilotSetting.swift in Sources */,
				4F8116F922AB196200E5F8CA /* InfoViewController.swift in Sources */,
				4F8116FD22AB19AF00E5F8CA /* PilotViewController.swift in Sources */,
			);
			runOnlyForDeploymentPostprocessing = 0;
		};
		4F8116D922AAF0E200E5F8CA /* Sources */ = {
			isa = PBXSourcesBuildPhase;
			buildActionMask = 2147483647;
			files = (
				4F8116E222AAF0E200E5F8CA /* SpecPilotTests.swift in Sources */,
			);
			runOnlyForDeploymentPostprocessing = 0;
		};
/* End PBXSourcesBuildPhase section */

/* Begin PBXTargetDependency section */
		4F8116DF22AAF0E200E5F8CA /* PBXTargetDependency */ = {
			isa = PBXTargetDependency;
			target = 4F8116C622AAF0DF00E5F8CA /* SpecPilot */;
			targetProxy = 4F8116DE22AAF0E200E5F8CA /* PBXContainerItemProxy */;
		};
/* End PBXTargetDependency section */

/* Begin PBXVariantGroup section */
		4F8116D022AAF0DF00E5F8CA /* Main.storyboard */ = {
			isa = PBXVariantGroup;
			children = (
				4F8116D122AAF0DF00E5F8CA /* Base */,
			);
			name = Main.storyboard;
			sourceTree = "<group>";
		};
		4F8116D522AAF0E100E5F8CA /* LaunchScreen.storyboard */ = {
			isa = PBXVariantGroup;
			children = (
				4F8116D622AAF0E100E5F8CA /* Base */,
			);
			name = LaunchScreen.storyboard;
			sourceTree = "<group>";
		};
/* End PBXVariantGroup section */

/* Begin XCBuildConfiguration section */
		4F8116E422AAF0E200E5F8CA /* Debug */ = {
			isa = XCBuildConfiguration;
			buildSettings = {
				ALWAYS_SEARCH_USER_PATHS = NO;
				CLANG_ANALYZER_NONNULL = YES;
				CLANG_ANALYZER_NUMBER_OBJECT_CONVERSION = YES_AGGRESSIVE;
				CLANG_CXX_LANGUAGE_STANDARD = "gnu++14";
				CLANG_CXX_LIBRARY = "libc++";
				CLANG_ENABLE_MODULES = YES;
				CLANG_ENABLE_OBJC_ARC = YES;
				CLANG_ENABLE_OBJC_WEAK = YES;
				CLANG_WARN_BLOCK_CAPTURE_AUTORELEASING = YES;
				CLANG_WARN_BOOL_CONVERSION = YES;
				CLANG_WARN_COMMA = YES;
				CLANG_WARN_CONSTANT_CONVERSION = YES;
				CLANG_WARN_DEPRECATED_OBJC_IMPLEMENTATIONS = YES;
				CLANG_WARN_DIRECT_OBJC_ISA_USAGE = YES_ERROR;
				CLANG_WARN_DOCUMENTATION_COMMENTS = YES;
				CLANG_WARN_EMPTY_BODY = YES;
				CLANG_WARN_ENUM_CONVERSION = YES;
				CLANG_WARN_INFINITE_RECURSION = YES;
				CLANG_WARN_INT_CONVERSION = YES;
				CLANG_WARN_NON_LITERAL_NULL_CONVERSION = YES;
				CLANG_WARN_OBJC_IMPLICIT_RETAIN_SELF = YES;
				CLANG_WARN_OBJC_LITERAL_CONVERSION = YES;
				CLANG_WARN_OBJC_ROOT_CLASS = YES_ERROR;
				CLANG_WARN_RANGE_LOOP_ANALYSIS = YES;
				CLANG_WARN_STRICT_PROTOTYPES = YES;
				CLANG_WARN_SUSPICIOUS_MOVE = YES;
				CLANG_WARN_UNGUARDED_AVAILABILITY = YES_AGGRESSIVE;
				CLANG_WARN_UNREACHABLE_CODE = YES;
				CLANG_WARN__DUPLICATE_METHOD_MATCH = YES;
				CODE_SIGN_IDENTITY = "iPhone Developer";
				COPY_PHASE_STRIP = NO;
				DEBUG_INFORMATION_FORMAT = dwarf;
				ENABLE_STRICT_OBJC_MSGSEND = YES;
				ENABLE_TESTABILITY = YES;
				GCC_C_LANGUAGE_STANDARD = gnu11;
				GCC_DYNAMIC_NO_PIC = NO;
				GCC_NO_COMMON_BLOCKS = YES;
				GCC_OPTIMIZATION_LEVEL = 0;
				GCC_PREPROCESSOR_DEFINITIONS = (
					"DEBUG=1",
					"$(inherited)",
				);
				GCC_WARN_64_TO_32_BIT_CONVERSION = YES;
				GCC_WARN_ABOUT_RETURN_TYPE = YES_ERROR;
				GCC_WARN_UNDECLARED_SELECTOR = YES;
				GCC_WARN_UNINITIALIZED_AUTOS = YES_AGGRESSIVE;
				GCC_WARN_UNUSED_FUNCTION = YES;
				GCC_WARN_UNUSED_VARIABLE = YES;
				IPHONEOS_DEPLOYMENT_TARGET = 12.2;
				MTL_ENABLE_DEBUG_INFO = INCLUDE_SOURCE;
				MTL_FAST_MATH = YES;
				ONLY_ACTIVE_ARCH = YES;
				SDKROOT = iphoneos;
				SWIFT_ACTIVE_COMPILATION_CONDITIONS = DEBUG;
				SWIFT_OPTIMIZATION_LEVEL = "-Onone";
			};
			name = Debug;
		};
		4F8116E522AAF0E200E5F8CA /* Release */ = {
			isa = XCBuildConfiguration;
			buildSettings = {
				ALWAYS_SEARCH_USER_PATHS = NO;
				CLANG_ANALYZER_NONNULL = YES;
				CLANG_ANALYZER_NUMBER_OBJECT_CONVERSION = YES_AGGRESSIVE;
				CLANG_CXX_LANGUAGE_STANDARD = "gnu++14";
				CLANG_CXX_LIBRARY = "libc++";
				CLANG_ENABLE_MODULES = YES;
				CLANG_ENABLE_OBJC_ARC = YES;
				CLANG_ENABLE_OBJC_WEAK = YES;
				CLANG_WARN_BLOCK_CAPTURE_AUTORELEASING = YES;
				CLANG_WARN_BOOL_CONVERSION = YES;
				CLANG_WARN_COMMA = YES;
				CLANG_WARN_CONSTANT_CONVERSION = YES;
				CLANG_WARN_DEPRECATED_OBJC_IMPLEMENTATIONS = YES;
				CLANG_WARN_DIRECT_OBJC_ISA_USAGE = YES_ERROR;
				CLANG_WARN_DOCUMENTATION_COMMENTS = YES;
				CLANG_WARN_EMPTY_BODY = YES;
				CLANG_WARN_ENUM_CONVERSION = YES;
				CLANG_WARN_INFINITE_RECURSION = YES;
				CLANG_WARN_INT_CONVERSION = YES;
				CLANG_WARN_NON_LITERAL_NULL_CONVERSION = YES;
				CLANG_WARN_OBJC_IMPLICIT_RETAIN_SELF = YES;
				CLANG_WARN_OBJC_LITERAL_CONVERSION = YES;
				CLANG_WARN_OBJC_ROOT_CLASS = YES_ERROR;
				CLANG_WARN_RANGE_LOOP_ANALYSIS = YES;
				CLANG_WARN_STRICT_PROTOTYPES = YES;
				CLANG_WARN_SUSPICIOUS_MOVE = YES;
				CLANG_WARN_UNGUARDED_AVAILABILITY = YES_AGGRESSIVE;
				CLANG_WARN_UNREACHABLE_CODE = YES;
				CLANG_WARN__DUPLICATE_METHOD_MATCH = YES;
				CODE_SIGN_IDENTITY = "iPhone Developer";
				COPY_PHASE_STRIP = NO;
				DEBUG_INFORMATION_FORMAT = "dwarf-with-dsym";
				ENABLE_NS_ASSERTIONS = NO;
				ENABLE_STRICT_OBJC_MSGSEND = YES;
				GCC_C_LANGUAGE_STANDARD = gnu11;
				GCC_NO_COMMON_BLOCKS = YES;
				GCC_WARN_64_TO_32_BIT_CONVERSION = YES;
				GCC_WARN_ABOUT_RETURN_TYPE = YES_ERROR;
				GCC_WARN_UNDECLARED_SELECTOR = YES;
				GCC_WARN_UNINITIALIZED_AUTOS = YES_AGGRESSIVE;
				GCC_WARN_UNUSED_FUNCTION = YES;
				GCC_WARN_UNUSED_VARIABLE = YES;
				IPHONEOS_DEPLOYMENT_TARGET = 12.2;
				MTL_ENABLE_DEBUG_INFO = NO;
				MTL_FAST_MATH = YES;
				SDKROOT = iphoneos;
				SWIFT_COMPILATION_MODE = wholemodule;
				SWIFT_OPTIMIZATION_LEVEL = "-O";
				VALIDATE_PRODUCT = YES;
			};
			name = Release;
		};
		4F8116E722AAF0E200E5F8CA /* Debug */ = {
			isa = XCBuildConfiguration;
			buildSettings = {
				ASSETCATALOG_COMPILER_APPICON_NAME = AppIcon;
				CODE_SIGN_STYLE = Automatic;
				DEVELOPMENT_TEAM = A5M6QHPHN6;
				INFOPLIST_FILE = "$(SRCROOT)/SpecPilot/SupportingFiles/Info.plist";
				LD_RUNPATH_SEARCH_PATHS = (
					"$(inherited)",
					"@executable_path/Frameworks",
				);
				PRODUCT_BUNDLE_IDENTIFIER = fr.daviddubez.SpecPilot;
				PRODUCT_NAME = "$(TARGET_NAME)";
				SWIFT_VERSION = 5.0;
				TARGETED_DEVICE_FAMILY = 1;
			};
			name = Debug;
		};
		4F8116E822AAF0E200E5F8CA /* Release */ = {
			isa = XCBuildConfiguration;
			buildSettings = {
				ASSETCATALOG_COMPILER_APPICON_NAME = AppIcon;
				CODE_SIGN_STYLE = Automatic;
				DEVELOPMENT_TEAM = A5M6QHPHN6;
				INFOPLIST_FILE = "$(SRCROOT)/SpecPilot/SupportingFiles/Info.plist";
				LD_RUNPATH_SEARCH_PATHS = (
					"$(inherited)",
					"@executable_path/Frameworks",
				);
				PRODUCT_BUNDLE_IDENTIFIER = fr.daviddubez.SpecPilot;
				PRODUCT_NAME = "$(TARGET_NAME)";
				SWIFT_VERSION = 5.0;
				TARGETED_DEVICE_FAMILY = 1;
			};
			name = Release;
		};
		4F8116EA22AAF0E200E5F8CA /* Debug */ = {
			isa = XCBuildConfiguration;
			buildSettings = {
				ALWAYS_EMBED_SWIFT_STANDARD_LIBRARIES = YES;
				BUNDLE_LOADER = "$(TEST_HOST)";
				CODE_SIGN_STYLE = Automatic;
				DEVELOPMENT_TEAM = A5M6QHPHN6;
				INFOPLIST_FILE = SpecPilotTests/Info.plist;
				LD_RUNPATH_SEARCH_PATHS = (
					"$(inherited)",
					"@executable_path/Frameworks",
					"@loader_path/Frameworks",
				);
				PRODUCT_BUNDLE_IDENTIFIER = fr.daviddubez.SpecPilotTests;
				PRODUCT_NAME = "$(TARGET_NAME)";
				SWIFT_VERSION = 5.0;
				TARGETED_DEVICE_FAMILY = "1,2";
				TEST_HOST = "$(BUILT_PRODUCTS_DIR)/SpecPilot.app/SpecPilot";
			};
			name = Debug;
		};
		4F8116EB22AAF0E200E5F8CA /* Release */ = {
			isa = XCBuildConfiguration;
			buildSettings = {
				ALWAYS_EMBED_SWIFT_STANDARD_LIBRARIES = YES;
				BUNDLE_LOADER = "$(TEST_HOST)";
				CODE_SIGN_STYLE = Automatic;
				DEVELOPMENT_TEAM = A5M6QHPHN6;
				INFOPLIST_FILE = SpecPilotTests/Info.plist;
				LD_RUNPATH_SEARCH_PATHS = (
					"$(inherited)",
					"@executable_path/Frameworks",
					"@loader_path/Frameworks",
				);
				PRODUCT_BUNDLE_IDENTIFIER = fr.daviddubez.SpecPilotTests;
				PRODUCT_NAME = "$(TARGET_NAME)";
				SWIFT_VERSION = 5.0;
				TARGETED_DEVICE_FAMILY = "1,2";
				TEST_HOST = "$(BUILT_PRODUCTS_DIR)/SpecPilot.app/SpecPilot";
			};
			name = Release;
		};
/* End XCBuildConfiguration section */

/* Begin XCConfigurationList section */
		4F8116C222AAF0DF00E5F8CA /* Build configuration list for PBXProject "SpecPilot" */ = {
			isa = XCConfigurationList;
			buildConfigurations = (
				4F8116E422AAF0E200E5F8CA /* Debug */,
				4F8116E522AAF0E200E5F8CA /* Release */,
			);
			defaultConfigurationIsVisible = 0;
			defaultConfigurationName = Release;
		};
		4F8116E622AAF0E200E5F8CA /* Build configuration list for PBXNativeTarget "SpecPilot" */ = {
			isa = XCConfigurationList;
			buildConfigurations = (
				4F8116E722AAF0E200E5F8CA /* Debug */,
				4F8116E822AAF0E200E5F8CA /* Release */,
			);
			defaultConfigurationIsVisible = 0;
			defaultConfigurationName = Release;
		};
		4F8116E922AAF0E200E5F8CA /* Build configuration list for PBXNativeTarget "SpecPilotTests" */ = {
			isa = XCConfigurationList;
			buildConfigurations = (
				4F8116EA22AAF0E200E5F8CA /* Debug */,
				4F8116EB22AAF0E200E5F8CA /* Release */,
			);
			defaultConfigurationIsVisible = 0;
			defaultConfigurationName = Release;
		};
/* End XCConfigurationList section */
	};
	rootObject = 4F8116BF22AAF0DF00E5F8CA /* Project object */;
}
